
Microsoft Visual Studio Solution File, Format Version 12.00
# Visual Studio 15
VisualStudioVersion = 15.0.27428.2005
MinimumVisualStudioVersion = 10.0.40219.1
Project("{FAE04EC0-301F-11D3-BF4B-00C04F79EFBC}") = "ExpDesignProject", "ExpDesignProject\ExpDesignProject.csproj", "{D85F086E-AFAE-4436-BA3B-351BCCF952E7}"
EndProject
Global
	GlobalSection(SolutionConfigurationPlatforms) = preSolution
		Debug|Any CPU = Debug|Any CPU
		Release|Any CPU = Release|Any CPU
	EndGlobalSection
	GlobalSection(ProjectConfigurationPlatforms) = postSolution
		{D85F086E-AFAE-4436-BA3B-351BCCF952E7}.Debug|Any CPU.ActiveCfg = Debug|Any CPU
		{D85F086E-AFAE-4436-BA3B-351BCCF952E7}.Debug|Any CPU.Build.0 = Debug|Any CPU
		{D85F086E-AFAE-4436-BA3B-351BCCF952E7}.Release|Any CPU.ActiveCfg = Release|Any CPU
		{D85F086E-AFAE-4436-BA3B-351BCCF952E7}.Release|Any CPU.Build.0 = Release|Any CPU
	EndGlobalSection
	GlobalSection(SolutionProperties) = preSolution
		HideSolutionNode = FALSE
	EndGlobalSection
	GlobalSection(ExtensibilityGlobals) = postSolution
		SolutionGuid = {C0CE229C-938B-49B2-BCAD-D1623CCA9CD1}
	EndGlobalSection
EndGlobal
